{
  "requires": true,
  "lockfileVersion": 1,
  "dependencies": {
    "@types/node": {
      "version": "8.10.46",
      "resolved": "https://registry.npmjs.org/@types/node/-/node-8.10.46.tgz",
      "integrity": "sha512-PfnRbk836fFs9T9QnZh0G1k9oC6YXCqIK3LX6vU/6oiXtEBSFCiJFj6UnLZtqIIHTsgMn8Dojq3yhmpwY7QWcw=="
    },
    "data-uri-to-buffer": {
      "version": "2.0.1",
      "resolved": "https://registry.npmjs.org/data-uri-to-buffer/-/data-uri-to-buffer-2.0.1.tgz",
      "integrity": "sha512-OkVVLrerfAKZlW2ZZ3Ve2y65jgiWqBKsTfUIAFbn8nVbPcCZg6l6gikKlEYv0kXcmzqGm6mFq/Jf2vriuEkv8A==",
      "requires": {
        "@types/node": "^8.0.7"
      }
    }
  }
}
